// !$*UTF8*$!
{
	archiveVersion = 1;
	classes = {
	};
	objectVersion = 50;
	objects = {

/* Begin PBXBuildFile section */
		04B1CB1F22E24B2400630F02 /* AppDelegate.swift in Sources */ = {isa = PBXBuildFile; fileRef = 04B1CB1E22E24B2400630F02 /* AppDelegate.swift */; };
		04B1CB2122E24B2400630F02 /* ViewController.swift in Sources */ = {isa = PBXBuildFile; fileRef = 04B1CB2022E24B2400630F02 /* ViewController.swift */; };
		04B1CB2422E24B2400630F02 /* Main.storyboard in Resources */ = {isa = PBXBuildFile; fileRef = 04B1CB2222E24B2400630F02 /* Main.storyboard */; };
		04B1CB2722E24B2400630F02 /* Test2.xcdatamodeld in Sources */ = {isa = PBXBuildFile; fileRef = 04B1CB2522E24B2400630F02 /* Test2.xcdatamodeld */; };
		04B1CB2922E24B2600630F02 /* Assets.xcassets in Resources */ = {isa = PBXBuildFile; fileRef = 04B1CB2822E24B2600630F02 /* Assets.xcassets */; };
		04B1CB2C22E24B2600630F02 /* LaunchScreen.storyboard in Resources */ = {isa = PBXBuildFile; fileRef = 04B1CB2A22E24B2600630F02 /* LaunchScreen.storyboard */; };
		04B1CB3722E24B2600630F02 /* Test2Tests.swift in Sources */ = {isa = PBXBuildFile; fileRef = 04B1CB3622E24B2600630F02 /* Test2Tests.swift */; };
		04B1CB4222E24B2600630F02 /* Test2UITests.swift in Sources */ = {isa = PBXBuildFile; fileRef = 04B1CB4122E24B2600630F02 /* Test2UITests.swift */; };
		04B1CB5022E24BE200630F02 /* EditViewController.swift in Sources */ = {isa = PBXBuildFile; fileRef = 04B1CB4F22E24BE200630F02 /* EditViewController.swift */; };
		04B1CB6222E635B500630F02 /* Image.swift in Sources */ = {isa = PBXBuildFile; fileRef = 04B1CB6122E635B500630F02 /* Image.swift */; };
		04B1CB6422E6362900630F02 /* GameOfThrones.swift in Sources */ = {isa = PBXBuildFile; fileRef = 04B1CB6322E6362900630F02 /* GameOfThrones.swift */; };
		04B1CB6622E6368900630F02 /* Episode.swift in Sources */ = {isa = PBXBuildFile; fileRef = 04B1CB6522E6368900630F02 /* Episode.swift */; };
		04B1CB6822E636BD00630F02 /* Embedded.swift in Sources */ = {isa = PBXBuildFile; fileRef = 04B1CB6722E636BD00630F02 /* Embedded.swift */; };
/* End PBXBuildFile section */

/* Begin PBXContainerItemProxy section */
		04B1CB3322E24B2600630F02 /* PBXContainerItemProxy */ = {
			isa = PBXContainerItemProxy;
			containerPortal = 04B1CB1322E24B2400630F02 /* Project object */;
			proxyType = 1;
			remoteGlobalIDString = 04B1CB1A22E24B2400630F02;
			remoteInfo = Test2;
		};
		04B1CB3E22E24B2600630F02 /* PBXContainerItemProxy */ = {
			isa = PBXContainerItemProxy;
			containerPortal = 04B1CB1322E24B2400630F02 /* Project object */;
			proxyType = 1;
			remoteGlobalIDString = 04B1CB1A22E24B2400630F02;
			remoteInfo = Test2;
		};
/* End PBXContainerItemProxy section */

/* Begin PBXFileReference section */
		04B1CB1B22E24B2400630F02 /* Test2.app */ = {isa = PBXFileReference; explicitFileType = wrapper.application; includeInIndex = 0; path = Test2.app; sourceTree = BUILT_PRODUCTS_DIR; };
		04B1CB1E22E24B2400630F02 /* AppDelegate.swift */ = {isa = PBXFileReference; lastKnownFileType = sourcecode.swift; path = AppDelegate.swift; sourceTree = "<group>"; };
		04B1CB2022E24B2400630F02 /* ViewController.swift */ = {isa = PBXFileReference; lastKnownFileType = sourcecode.swift; path = ViewController.swift; sourceTree = "<group>"; };
		04B1CB2322E24B2400630F02 /* Base */ = {isa = PBXFileReference; lastKnownFileType = file.storyboard; name = Base; path = Base.lproj/Main.storyboard; sourceTree = "<group>"; };
		04B1CB2622E24B2400630F02 /* Test2.xcdatamodel */ = {isa = PBXFileReference; lastKnownFileType = wrapper.xcdatamodel; path = Test2.xcdatamodel; sourceTree = "<group>"; };
		04B1CB2822E24B2600630F02 /* Assets.xcassets */ = {isa = PBXFileReference; lastKnownFileType = folder.assetcatalog; path = Assets.xcassets; sourceTree = "<group>"; };
		04B1CB2B22E24B2600630F02 /* Base */ = {isa = PBXFileReference; lastKnownFileType = file.storyboard; name = Base; path = Base.lproj/LaunchScreen.storyboard; sourceTree = "<group>"; };
		04B1CB2D22E24B2600630F02 /* Info.plist */ = {isa = PBXFileReference; lastKnownFileType = text.plist.xml; path = Info.plist; sourceTree = "<group>"; };
		04B1CB3222E24B2600630F02 /* Test2Tests.xctest */ = {isa = PBXFileReference; explicitFileType = wrapper.cfbundle; includeInIndex = 0; path = Test2Tests.xctest; sourceTree = BUILT_PRODUCTS_DIR; };
		04B1CB3622E24B2600630F02 /* Test2Tests.swift */ = {isa = PBXFileReference; lastKnownFileType = sourcecode.swift; path = Test2Tests.swift; sourceTree = "<group>"; };
		04B1CB3822E24B2600630F02 /* Info.plist */ = {isa = PBXFileReference; lastKnownFileType = text.plist.xml; path = Info.plist; sourceTree = "<group>"; };
		04B1CB3D22E24B2600630F02 /* Test2UITests.xctest */ = {isa = PBXFileReference; explicitFileType = wrapper.cfbundle; includeInIndex = 0; path = Test2UITests.xctest; sourceTree = BUILT_PRODUCTS_DIR; };
		04B1CB4122E24B2600630F02 /* Test2UITests.swift */ = {isa = PBXFileReference; lastKnownFileType = sourcecode.swift; path = Test2UITests.swift; sourceTree = "<group>"; };
		04B1CB4322E24B2600630F02 /* Info.plist */ = {isa = PBXFileReference; lastKnownFileType = text.plist.xml; path = Info.plist; sourceTree = "<group>"; };
		04B1CB4F22E24BE200630F02 /* EditViewController.swift */ = {isa = PBXFileReference; lastKnownFileType = sourcecode.swift; path = EditViewController.swift; sourceTree = "<group>"; };
		04B1CB6122E635B500630F02 /* Image.swift */ = {isa = PBXFileReference; lastKnownFileType = sourcecode.swift; path = Image.swift; sourceTree = "<group>"; };
		04B1CB6322E6362900630F02 /* GameOfThrones.swift */ = {isa = PBXFileReference; lastKnownFileType = sourcecode.swift; path = GameOfThrones.swift; sourceTree = "<group>"; };
		04B1CB6522E6368900630F02 /* Episode.swift */ = {isa = PBXFileReference; lastKnownFileType = sourcecode.swift; path = Episode.swift; sourceTree = "<group>"; };
		04B1CB6722E636BD00630F02 /* Embedded.swift */ = {isa = PBXFileReference; lastKnownFileType = sourcecode.swift; path = Embedded.swift; sourceTree = "<group>"; };
/* End PBXFileReference section */

/* Begin PBXFrameworksBuildPhase section */
		04B1CB1822E24B2400630F02 /* Frameworks */ = {
			isa = PBXFrameworksBuildPhase;
			buildActionMask = 2147483647;
			files = (
			);
			runOnlyForDeploymentPostprocessing = 0;
		};
		04B1CB2F22E24B2600630F02 /* Frameworks */ = {
			isa = PBXFrameworksBuildPhase;
			buildActionMask = 2147483647;
			files = (
			);
			runOnlyForDeploymentPostprocessing = 0;
		};
		04B1CB3A22E24B2600630F02 /* Frameworks */ = {
			isa = PBXFrameworksBuildPhase;
			buildActionMask = 2147483647;
			files = (
			);
			runOnlyForDeploymentPostprocessing = 0;
		};
/* End PBXFrameworksBuildPhase section */

/* Begin PBXGroup section */
		04B1CB1222E24B2400630F02 = {
			isa = PBXGroup;
			children = (
				04B1CB1D22E24B2400630F02 /* Test2 */,
				04B1CB3522E24B2600630F02 /* Test2Tests */,
				04B1CB4022E24B2600630F02 /* Test2UITests */,
				04B1CB1C22E24B2400630F02 /* Products */,
			);
			sourceTree = "<group>";
		};
		04B1CB1C22E24B2400630F02 /* Products */ = {
			isa = PBXGroup;
			children = (
				04B1CB1B22E24B2400630F02 /* Test2.app */,
				04B1CB3222E24B2600630F02 /* Test2Tests.xctest */,
				04B1CB3D22E24B2600630F02 /* Test2UITests.xctest */,
			);
			name = Products;
			sourceTree = "<group>";
		};
		04B1CB1D22E24B2400630F02 /* Test2 */ = {
			isa = PBXGroup;
			children = (
				04B1CB1E22E24B2400630F02 /* AppDelegate.swift */,
				04B1CB2022E24B2400630F02 /* ViewController.swift */,
				04B1CB6722E636BD00630F02 /* Embedded.swift */,
				04B1CB6522E6368900630F02 /* Episode.swift */,
				04B1CB6322E6362900630F02 /* GameOfThrones.swift */,
				04B1CB2222E24B2400630F02 /* Main.storyboard */,
				04B1CB4F22E24BE200630F02 /* EditViewController.swift */,
				04B1CB6122E635B500630F02 /* Image.swift */,
				04B1CB2822E24B2600630F02 /* Assets.xcassets */,
				04B1CB2A22E24B2600630F02 /* LaunchScreen.storyboard */,
				04B1CB2D22E24B2600630F02 /* Info.plist */,
				04B1CB2522E24B2400630F02 /* Test2.xcdatamodeld */,
			);
			path = Test2;
			sourceTree = "<group>";
		};
		04B1CB3522E24B2600630F02 /* Test2Tests */ = {
			isa = PBXGroup;
			children = (
				04B1CB3622E24B2600630F02 /* Test2Tests.swift */,
				04B1CB3822E24B2600630F02 /* Info.plist */,
			);
			path = Test2Tests;
			sourceTree = "<group>";
		};
		04B1CB4022E24B2600630F02 /* Test2UITests */ = {
			isa = PBXGroup;
			children = (
				04B1CB4122E24B2600630F02 /* Test2UITests.swift */,
				04B1CB4322E24B2600630F02 /* Info.plist */,
			);
			path = Test2UITests;
			sourceTree = "<group>";
		};
/* End PBXGroup section */

/* Begin PBXNativeTarget section */
		04B1CB1A22E24B2400630F02 /* Test2 */ = {
			isa = PBXNativeTarget;
			buildConfigurationList = 04B1CB4622E24B2600630F02 /* Build configuration list for PBXNativeTarget "Test2" */;
			buildPhases = (
				04B1CB1722E24B2400630F02 /* Sources */,
				04B1CB1822E24B2400630F02 /* Frameworks */,
				04B1CB1922E24B2400630F02 /* Resources */,
			);
			buildRules = (
			);
			dependencies = (
			);
			name = Test2;
			productName = Test2;
			productReference = 04B1CB1B22E24B2400630F02 /* Test2.app */;
			productType = "com.apple.product-type.application";
		};
		04B1CB3122E24B2600630F02 /* Test2Tests */ = {
			isa = PBXNativeTarget;
			buildConfigurationList = 04B1CB4922E24B2600630F02 /* Build configuration list for PBXNativeTarget "Test2Tests" */;
			buildPhases = (
				04B1CB2E22E24B2600630F02 /* Sources */,
				04B1CB2F22E24B2600630F02 /* Frameworks */,
				04B1CB3022E24B2600630F02 /* Resources */,
			);
			buildRules = (
			);
			dependencies = (
				04B1CB3422E24B2600630F02 /* PBXTargetDependency */,
			);
			name = Test2Tests;
			productName = Test2Tests;
			productReference = 04B1CB3222E24B2600630F02 /* Test2Tests.xctest */;
			productType = "com.apple.product-type.bundle.unit-test";
		};
		04B1CB3C22E24B2600630F02 /* Test2UITests */ = {
			isa = PBXNativeTarget;
			buildConfigurationList = 04B1CB4C22E24B2600630F02 /* Build configuration list for PBXNativeTarget "Test2UITests" */;
			buildPhases = (
				04B1CB3922E24B2600630F02 /* Sources */,
				04B1CB3A22E24B2600630F02 /* Frameworks */,
				04B1CB3B22E24B2600630F02 /* Resources */,
			);
			buildRules = (
			);
			dependencies = (
				04B1CB3F22E24B2600630F02 /* PBXTargetDependency */,
			);
			name = Test2UITests;
			productName = Test2UITests;
			productReference = 04B1CB3D22E24B2600630F02 /* Test2UITests.xctest */;
			productType = "com.apple.product-type.bundle.ui-testing";
		};
/* End PBXNativeTarget section */

/* Begin PBXProject section */
		04B1CB1322E24B2400630F02 /* Project object */ = {
			isa = PBXProject;
			attributes = {
				LastSwiftUpdateCheck = 1020;
				LastUpgradeCheck = 1020;
				ORGANIZATIONNAME = MCS;
				TargetAttributes = {
					04B1CB1A22E24B2400630F02 = {
						CreatedOnToolsVersion = 10.2.1;
					};
					04B1CB3122E24B2600630F02 = {
						CreatedOnToolsVersion = 10.2.1;
						TestTargetID = 04B1CB1A22E24B2400630F02;
					};
					04B1CB3C22E24B2600630F02 = {
						CreatedOnToolsVersion = 10.2.1;
						TestTargetID = 04B1CB1A22E24B2400630F02;
					};
				};
			};
			buildConfigurationList = 04B1CB1622E24B2400630F02 /* Build configuration list for PBXProject "Test2" */;
			compatibilityVersion = "Xcode 9.3";
			developmentRegion = en;
			hasScannedForEncodings = 0;
			knownRegions = (
				en,
				Base,
			);
			mainGroup = 04B1CB1222E24B2400630F02;
			productRefGroup = 04B1CB1C22E24B2400630F02 /* Products */;
			projectDirPath = "";
			projectRoot = "";
			targets = (
				04B1CB1A22E24B2400630F02 /* Test2 */,
				04B1CB3122E24B2600630F02 /* Test2Tests */,
				04B1CB3C22E24B2600630F02 /* Test2UITests */,
			);
		};
/* End PBXProject section */

/* Begin PBXResourcesBuildPhase section */
		04B1CB1922E24B2400630F02 /* Resources */ = {
			isa = PBXResourcesBuildPhase;
			buildActionMask = 2147483647;
			files = (
				04B1CB2C22E24B2600630F02 /* LaunchScreen.storyboard in Resources */,
				04B1CB2922E24B2600630F02 /* Assets.xcassets in Resources */,
				04B1CB2422E24B2400630F02 /* Main.storyboard in Resources */,
			);
			runOnlyForDeploymentPostprocessing = 0;
		};
		04B1CB3022E24B2600630F02 /* Resources */ = {
			isa = PBXResourcesBuildPhase;
			buildActionMask = 2147483647;
			files = (
			);
			runOnlyForDeploymentPostprocessing = 0;
		};
		04B1CB3B22E24B2600630F02 /* Resources */ = {
			isa = PBXResourcesBuildPhase;
			buildActionMask = 2147483647;
			files = (
			);
			runOnlyForDeploymentPostprocessing = 0;
		};
/* End PBXResourcesBuildPhase section */

/* Begin PBXSourcesBuildPhase section */
		04B1CB1722E24B2400630F02 /* Sources */ = {
			isa = PBXSourcesBuildPhase;
			buildActionMask = 2147483647;
			files = (
				04B1CB5022E24BE200630F02 /* EditViewController.swift in Sources */,
				04B1CB2122E24B2400630F02 /* ViewController.swift in Sources */,
				04B1CB6622E6368900630F02 /* Episode.swift in Sources */,
				04B1CB6822E636BD00630F02 /* Embedded.swift in Sources */,
				04B1CB6422E6362900630F02 /* GameOfThrones.swift in Sources */,
				04B1CB2722E24B2400630F02 /* Test2.xcdatamodeld in Sources */,
				04B1CB1F22E24B2400630F02 /* AppDelegate.swift in Sources */,
				04B1CB6222E635B500630F02 /* Image.swift in Sources */,
			);
			runOnlyForDeploymentPostprocessing = 0;
		};
		04B1CB2E22E24B2600630F02 /* Sources */ = {
			isa = PBXSourcesBuildPhase;
			buildActionMask = 2147483647;
			files = (
				04B1CB3722E24B2600630F02 /* Test2Tests.swift in Sources */,
			);
			runOnlyForDeploymentPostprocessing = 0;
		};
		04B1CB3922E24B2600630F02 /* Sources */ = {
			isa = PBXSourcesBuildPhase;
			buildActionMask = 2147483647;
			files = (
				04B1CB4222E24B2600630F02 /* Test2UITests.swift in Sources */,
			);
			runOnlyForDeploymentPostprocessing = 0;
		};
/* End PBXSourcesBuildPhase section */

/* Begin PBXTargetDependency section */
		04B1CB3422E24B2600630F02 /* PBXTargetDependency */ = {
			isa = PBXTargetDependency;
			target = 04B1CB1A22E24B2400630F02 /* Test2 */;
			targetProxy = 04B1CB3322E24B2600630F02 /* PBXContainerItemProxy */;
		};
		04B1CB3F22E24B2600630F02 /* PBXTargetDependency */ = {
			isa = PBXTargetDependency;
			target = 04B1CB1A22E24B2400630F02 /* Test2 */;
			targetProxy = 04B1CB3E22E24B2600630F02 /* PBXContainerItemProxy */;
		};
/* End PBXTargetDependency section */

/* Begin PBXVariantGroup section */
		04B1CB2222E24B2400630F02 /* Main.storyboard */ = {
			isa = PBXVariantGroup;
			children = (
				04B1CB2322E24B2400630F02 /* Base */,
			);
			name = Main.storyboard;
			sourceTree = "<group>";
		};
		04B1CB2A22E24B2600630F02 /* LaunchScreen.storyboard */ = {
			isa = PBXVariantGroup;
			children = (
				04B1CB2B22E24B2600630F02 /* Base */,
			);
			name = LaunchScreen.storyboard;
			sourceTree = "<group>";
		};
/* End PBXVariantGroup section */

/* Begin XCBuildConfiguration section */
		04B1CB4422E24B2600630F02 /* Debug */ = {
			isa = XCBuildConfiguration;
			buildSettings = {
				ALWAYS_SEARCH_USER_PATHS = NO;
				CLANG_ANALYZER_NONNULL = YES;
				CLANG_ANALYZER_NUMBER_OBJECT_CONVERSION = YES_AGGRESSIVE;
				CLANG_CXX_LANGUAGE_STANDARD = "gnu++14";
				CLANG_CXX_LIBRARY = "libc++";
				CLANG_ENABLE_MODULES = YES;
				CLANG_ENABLE_OBJC_ARC = YES;
				CLANG_ENABLE_OBJC_WEAK = YES;
				CLANG_WARN_BLOCK_CAPTURE_AUTORELEASING = YES;
				CLANG_WARN_BOOL_CONVERSION = YES;
				CLANG_WARN_COMMA = YES;
				CLANG_WARN_CONSTANT_CONVERSION = YES;
				CLANG_WARN_DEPRECATED_OBJC_IMPLEMENTATIONS = YES;
				CLANG_WARN_DIRECT_OBJC_ISA_USAGE = YES_ERROR;
				CLANG_WARN_DOCUMENTATION_COMMENTS = YES;
				CLANG_WARN_EMPTY_BODY = YES;
				CLANG_WARN_ENUM_CONVERSION = YES;
				CLANG_WARN_INFINITE_RECURSION = YES;
				CLANG_WARN_INT_CONVERSION = YES;
				CLANG_WARN_NON_LITERAL_NULL_CONVERSION = YES;
				CLANG_WARN_OBJC_IMPLICIT_RETAIN_SELF = YES;
				CLANG_WARN_OBJC_LITERAL_CONVERSION = YES;
				CLANG_WARN_OBJC_ROOT_CLASS = YES_ERROR;
				CLANG_WARN_RANGE_LOOP_ANALYSIS = YES;
				CLANG_WARN_STRICT_PROTOTYPES = YES;
				CLANG_WARN_SUSPICIOUS_MOVE = YES;
				CLANG_WARN_UNGUARDED_AVAILABILITY = YES_AGGRESSIVE;
				CLANG_WARN_UNREACHABLE_CODE = YES;
				CLANG_WARN__DUPLICATE_METHOD_MATCH = YES;
				CODE_SIGN_IDENTITY = "iPhone Developer";
				COPY_PHASE_STRIP = NO;
				DEBUG_INFORMATION_FORMAT = dwarf;
				ENABLE_STRICT_OBJC_MSGSEND = YES;
				ENABLE_TESTABILITY = YES;
				GCC_C_LANGUAGE_STANDARD = gnu11;
				GCC_DYNAMIC_NO_PIC = NO;
				GCC_NO_COMMON_BLOCKS = YES;
				GCC_OPTIMIZATION_LEVEL = 0;
				GCC_PREPROCESSOR_DEFINITIONS = (
					"DEBUG=1",
					"$(inherited)",
				);
				GCC_WARN_64_TO_32_BIT_CONVERSION = YES;
				GCC_WARN_ABOUT_RETURN_TYPE = YES_ERROR;
				GCC_WARN_UNDECLARED_SELECTOR = YES;
				GCC_WARN_UNINITIALIZED_AUTOS = YES_AGGRESSIVE;
				GCC_WARN_UNUSED_FUNCTION = YES;
				GCC_WARN_UNUSED_VARIABLE = YES;
				IPHONEOS_DEPLOYMENT_TARGET = 12.2;
				MTL_ENABLE_DEBUG_INFO = INCLUDE_SOURCE;
				MTL_FAST_MATH = YES;
				ONLY_ACTIVE_ARCH = YES;
				SDKROOT = iphoneos;
				SWIFT_ACTIVE_COMPILATION_CONDITIONS = DEBUG;
				SWIFT_OPTIMIZATION_LEVEL = "-Onone";
			};
			name = Debug;
		};
		04B1CB4522E24B2600630F02 /* Release */ = {
			isa = XCBuildConfiguration;
			buildSettings = {
				ALWAYS_SEARCH_USER_PATHS = NO;
				CLANG_ANALYZER_NONNULL = YES;
				CLANG_ANALYZER_NUMBER_OBJECT_CONVERSION = YES_AGGRESSIVE;
				CLANG_CXX_LANGUAGE_STANDARD = "gnu++14";
				CLANG_CXX_LIBRARY = "libc++";
				CLANG_ENABLE_MODULES = YES;
				CLANG_ENABLE_OBJC_ARC = YES;
				CLANG_ENABLE_OBJC_WEAK = YES;
				CLANG_WARN_BLOCK_CAPTURE_AUTORELEASING = YES;
				CLANG_WARN_BOOL_CONVERSION = YES;
				CLANG_WARN_COMMA = YES;
				CLANG_WARN_CONSTANT_CONVERSION = YES;
				CLANG_WARN_DEPRECATED_OBJC_IMPLEMENTATIONS = YES;
				CLANG_WARN_DIRECT_OBJC_ISA_USAGE = YES_ERROR;
				CLANG_WARN_DOCUMENTATION_COMMENTS = YES;
				CLANG_WARN_EMPTY_BODY = YES;
				CLANG_WARN_ENUM_CONVERSION = YES;
				CLANG_WARN_INFINITE_RECURSION = YES;
				CLANG_WARN_INT_CONVERSION = YES;
				CLANG_WARN_NON_LITERAL_NULL_CONVERSION = YES;
				CLANG_WARN_OBJC_IMPLICIT_RETAIN_SELF = YES;
				CLANG_WARN_OBJC_LITERAL_CONVERSION = YES;
				CLANG_WARN_OBJC_ROOT_CLASS = YES_ERROR;
				CLANG_WARN_RANGE_LOOP_ANALYSIS = YES;
				CLANG_WARN_STRICT_PROTOTYPES = YES;
				CLANG_WARN_SUSPICIOUS_MOVE = YES;
				CLANG_WARN_UNGUARDED_AVAILABILITY = YES_AGGRESSIVE;
				CLANG_WARN_UNREACHABLE_CODE = YES;
				CLANG_WARN__DUPLICATE_METHOD_MATCH = YES;
				CODE_SIGN_IDENTITY = "iPhone Developer";
				COPY_PHASE_STRIP = NO;
				DEBUG_INFORMATION_FORMAT = "dwarf-with-dsym";
				ENABLE_NS_ASSERTIONS = NO;
				ENABLE_STRICT_OBJC_MSGSEND = YES;
				GCC_C_LANGUAGE_STANDARD = gnu11;
				GCC_NO_COMMON_BLOCKS = YES;
				GCC_WARN_64_TO_32_BIT_CONVERSION = YES;
				GCC_WARN_ABOUT_RETURN_TYPE = YES_ERROR;
				GCC_WARN_UNDECLARED_SELECTOR = YES;
				GCC_WARN_UNINITIALIZED_AUTOS = YES_AGGRESSIVE;
				GCC_WARN_UNUSED_FUNCTION = YES;
				GCC_WARN_UNUSED_VARIABLE = YES;
				IPHONEOS_DEPLOYMENT_TARGET = 12.2;
				MTL_ENABLE_DEBUG_INFO = NO;
				MTL_FAST_MATH = YES;
				SDKROOT = iphoneos;
				SWIFT_COMPILATION_MODE = wholemodule;
				SWIFT_OPTIMIZATION_LEVEL = "-O";
				VALIDATE_PRODUCT = YES;
			};
			name = Release;
		};
		04B1CB4722E24B2600630F02 /* Debug */ = {
			isa = XCBuildConfiguration;
			buildSettings = {
				ASSETCATALOG_COMPILER_APPICON_NAME = AppIcon;
				CODE_SIGN_STYLE = Automatic;
				DEVELOPMENT_TEAM = T9G42C54QQ;
				INFOPLIST_FILE = Test2/Info.plist;
				LD_RUNPATH_SEARCH_PATHS = (
					"$(inherited)",
					"@executable_path/Frameworks",
				);
				PRODUCT_BUNDLE_IDENTIFIER = MCS.Test2;
				PRODUCT_NAME = "$(TARGET_NAME)";
				SWIFT_VERSION = 5.0;
				TARGETED_DEVICE_FAMILY = "1,2";
			};
			name = Debug;
		};
		04B1CB4822E24B2600630F02 /* Release */ = {
			isa = XCBuildConfiguration;
			buildSettings = {
				ASSETCATALOG_COMPILER_APPICON_NAME = AppIcon;
				CODE_SIGN_STYLE = Automatic;
				DEVELOPMENT_TEAM = T9G42C54QQ;
				INFOPLIST_FILE = Test2/Info.plist;
				LD_RUNPATH_SEARCH_PATHS = (
					"$(inherited)",
					"@executable_path/Frameworks",
				);
				PRODUCT_BUNDLE_IDENTIFIER = MCS.Test2;
				PRODUCT_NAME = "$(TARGET_NAME)";
				SWIFT_VERSION = 5.0;
				TARGETED_DEVICE_FAMILY = "1,2";
			};
			name = Release;
		};
		04B1CB4A22E24B2600630F02 /* Debug */ = {
			isa = XCBuildConfiguration;
			buildSettings = {
				ALWAYS_EMBED_SWIFT_STANDARD_LIBRARIES = YES;
				BUNDLE_LOADER = "$(TEST_HOST)";
				CODE_SIGN_STYLE = Automatic;
				DEVELOPMENT_TEAM = T9G42C54QQ;
				INFOPLIST_FILE = Test2Tests/Info.plist;
				LD_RUNPATH_SEARCH_PATHS = (
					"$(inherited)",
					"@executable_path/Frameworks",
					"@loader_path/Frameworks",
				);
				PRODUCT_BUNDLE_IDENTIFIER = MCS.Test2Tests;
				PRODUCT_NAME = "$(TARGET_NAME)";
				SWIFT_VERSION = 5.0;
				TARGETED_DEVICE_FAMILY = "1,2";
				TEST_HOST = "$(BUILT_PRODUCTS_DIR)/Test2.app/Test2";
			};
			name = Debug;
		};
		04B1CB4B22E24B2600630F02 /* Release */ = {
			isa = XCBuildConfiguration;
			buildSettings = {
				ALWAYS_EMBED_SWIFT_STANDARD_LIBRARIES = YES;
				BUNDLE_LOADER = "$(TEST_HOST)";
				CODE_SIGN_STYLE = Automatic;
				DEVELOPMENT_TEAM = T9G42C54QQ;
				INFOPLIST_FILE = Test2Tests/Info.plist;
				LD_RUNPATH_SEARCH_PATHS = (
					"$(inherited)",
					"@executable_path/Frameworks",
					"@loader_path/Frameworks",
				);
				PRODUCT_BUNDLE_IDENTIFIER = MCS.Test2Tests;
				PRODUCT_NAME = "$(TARGET_NAME)";
				SWIFT_VERSION = 5.0;
				TARGETED_DEVICE_FAMILY = "1,2";
				TEST_HOST = "$(BUILT_PRODUCTS_DIR)/Test2.app/Test2";
			};
			name = Release;
		};
		04B1CB4D22E24B2600630F02 /* Debug */ = {
			isa = XCBuildConfiguration;
			buildSettings = {
				ALWAYS_EMBED_SWIFT_STANDARD_LIBRARIES = YES;
				CODE_SIGN_STYLE = Automatic;
				DEVELOPMENT_TEAM = T9G42C54QQ;
				INFOPLIST_FILE = Test2UITests/Info.plist;
				LD_RUNPATH_SEARCH_PATHS = (
					"$(inherited)",
					"@executable_path/Frameworks",
					"@loader_path/Frameworks",
				);
				PRODUCT_BUNDLE_IDENTIFIER = MCS.Test2UITests;
				PRODUCT_NAME = "$(TARGET_NAME)";
				SWIFT_VERSION = 5.0;
				TARGETED_DEVICE_FAMILY = "1,2";
				TEST_TARGET_NAME = Test2;
			};
			name = Debug;
		};
		04B1CB4E22E24B2600630F02 /* Release */ = {
			isa = XCBuildConfiguration;
			buildSettings = {
				ALWAYS_EMBED_SWIFT_STANDARD_LIBRARIES = YES;
				CODE_SIGN_STYLE = Automatic;
				DEVELOPMENT_TEAM = T9G42C54QQ;
				INFOPLIST_FILE = Test2UITests/Info.plist;
				LD_RUNPATH_SEARCH_PATHS = (
					"$(inherited)",
					"@executable_path/Frameworks",
					"@loader_path/Frameworks",
				);
				PRODUCT_BUNDLE_IDENTIFIER = MCS.Test2UITests;
				PRODUCT_NAME = "$(TARGET_NAME)";
				SWIFT_VERSION = 5.0;
				TARGETED_DEVICE_FAMILY = "1,2";
				TEST_TARGET_NAME = Test2;
			};
			name = Release;
		};
/* End XCBuildConfiguration section */

/* Begin XCConfigurationList section */
		04B1CB1622E24B2400630F02 /* Build configuration list for PBXProject "Test2" */ = {
			isa = XCConfigurationList;
			buildConfigurations = (
				04B1CB4422E24B2600630F02 /* Debug */,
				04B1CB4522E24B2600630F02 /* Release */,
			);
			defaultConfigurationIsVisible = 0;
			defaultConfigurationName = Release;
		};
		04B1CB4622E24B2600630F02 /* Build configuration list for PBXNativeTarget "Test2" */ = {
			isa = XCConfigurationList;
			buildConfigurations = (
				04B1CB4722E24B2600630F02 /* Debug */,
				04B1CB4822E24B2600630F02 /* Release */,
			);
			defaultConfigurationIsVisible = 0;
			defaultConfigurationName = Release;
		};
		04B1CB4922E24B2600630F02 /* Build configuration list for PBXNativeTarget "Test2Tests" */ = {
			isa = XCConfigurationList;
			buildConfigurations = (
				04B1CB4A22E24B2600630F02 /* Debug */,
				04B1CB4B22E24B2600630F02 /* Release */,
			);
			defaultConfigurationIsVisible = 0;
			defaultConfigurationName = Release;
		};
		04B1CB4C22E24B2600630F02 /* Build configuration list for PBXNativeTarget "Test2UITests" */ = {
			isa = XCConfigurationList;
			buildConfigurations = (
				04B1CB4D22E24B2600630F02 /* Debug */,
				04B1CB4E22E24B2600630F02 /* Release */,
			);
			defaultConfigurationIsVisible = 0;
			defaultConfigurationName = Release;
		};
/* End XCConfigurationList section */

/* Begin XCVersionGroup section */
		04B1CB2522E24B2400630F02 /* Test2.xcdatamodeld */ = {
			isa = XCVersionGroup;
			children = (
				04B1CB2622E24B2400630F02 /* Test2.xcdatamodel */,
			);
			currentVersion = 04B1CB2622E24B2400630F02 /* Test2.xcdatamodel */;
			path = Test2.xcdatamodeld;
			sourceTree = "<group>";
			versionGroupType = wrapper.xcdatamodel;
		};
/* End XCVersionGroup section */
	};
	rootObject = 04B1CB1322E24B2400630F02 /* Project object */;
}
